
Microsoft Visual Studio Solution File, Format Version 12.00
# Visual Studio Version 17
VisualStudioVersion = 17.9.34728.123
MinimumVisualStudioVersion = 10.0.40219.1
Project("{9A19103F-16F7-4668-BE54-9A1E7A4F7556}") = "Kursach_ping", "Kursach_ping\Kursach_ping.csproj", "{ADD325B2-8C43-4246-88D8-8491986A6C37}"
EndProject
Project("{FAE04EC0-301F-11D3-BF4B-00C04F79EFBC}") = "PingWebAPI", "PingWebAPI\PingWebAPI.csproj", "{0C27C13D-B59F-449F-9925-0ED88F58BA05}"
EndProject
Global
	GlobalSection(SolutionConfigurationPlatforms) = preSolution
		Debug|Any CPU = Debug|Any CPU
		Release|Any CPU = Release|Any CPU
	EndGlobalSection
	GlobalSection(ProjectConfigurationPlatforms) = postSolution
		{ADD325B2-8C43-4246-88D8-8491986A6C37}.Debug|Any CPU.ActiveCfg = Debug|Any CPU
		{ADD325B2-8C43-4246-88D8-8491986A6C37}.Debug|Any CPU.Build.0 = Debug|Any CPU
		{ADD325B2-8C43-4246-88D8-8491986A6C37}.Release|Any CPU.ActiveCfg = Release|Any CPU
		{ADD325B2-8C43-4246-88D8-8491986A6C37}.Release|Any CPU.Build.0 = Release|Any CPU
		{0C27C13D-B59F-449F-9925-0ED88F58BA05}.Debug|Any CPU.ActiveCfg = Debug|Any CPU
		{0C27C13D-B59F-449F-9925-0ED88F58BA05}.Debug|Any CPU.Build.0 = Debug|Any CPU
		{0C27C13D-B59F-449F-9925-0ED88F58BA05}.Release|Any CPU.ActiveCfg = Release|Any CPU
		{0C27C13D-B59F-449F-9925-0ED88F58BA05}.Release|Any CPU.Build.0 = Release|Any CPU
	EndGlobalSection
	GlobalSection(SolutionProperties) = preSolution
		HideSolutionNode = FALSE
	EndGlobalSection
	GlobalSection(ExtensibilityGlobals) = postSolution
		SolutionGuid = {9ED61B21-195E-4C8C-917E-18A0CFFC3F33}
	EndGlobalSection
EndGlobal
